
Microsoft Visual Studio Solution File, Format Version 12.00
# Visual Studio Version 16
VisualStudioVersion = 16.0.30114.105
MinimumVisualStudioVersion = 10.0.40219.1
Project("{9A19103F-16F7-4668-BE54-9A1E7A4F7556}") = "KunguStore", "KunguStore\KunguStore.csproj", "{BEE951B4-74EE-4F06-9E3A-C19B81CCEFCE}"
EndProject
Project("{9A19103F-16F7-4668-BE54-9A1E7A4F7556}") = "KunguStore.Tests", "KunguStore.Tests\KunguStore.Tests.csproj", "{42C29B24-1357-4919-ACD1-3A01DEE187A1}"
EndProject
Global
	GlobalSection(SolutionConfigurationPlatforms) = preSolution
		Debug|Any CPU = Debug|Any CPU
		Debug|x64 = Debug|x64
		Debug|x86 = Debug|x86
		Release|Any CPU = Release|Any CPU
		Release|x64 = Release|x64
		Release|x86 = Release|x86
	EndGlobalSection
	GlobalSection(ProjectConfigurationPlatforms) = postSolution
		{BEE951B4-74EE-4F06-9E3A-C19B81CCEFCE}.Debug|Any CPU.ActiveCfg = Debug|Any CPU
		{BEE951B4-74EE-4F06-9E3A-C19B81CCEFCE}.Debug|Any CPU.Build.0 = Debug|Any CPU
		{BEE951B4-74EE-4F06-9E3A-C19B81CCEFCE}.Debug|x64.ActiveCfg = Debug|Any CPU
		{BEE951B4-74EE-4F06-9E3A-C19B81CCEFCE}.Debug|x64.Build.0 = Debug|Any CPU
		{BEE951B4-74EE-4F06-9E3A-C19B81CCEFCE}.Debug|x86.ActiveCfg = Debug|Any CPU
		{BEE951B4-74EE-4F06-9E3A-C19B81CCEFCE}.Debug|x86.Build.0 = Debug|Any CPU
		{BEE951B4-74EE-4F06-9E3A-C19B81CCEFCE}.Release|Any CPU.ActiveCfg = Release|Any CPU
		{BEE951B4-74EE-4F06-9E3A-C19B81CCEFCE}.Release|Any CPU.Build.0 = Release|Any CPU
		{BEE951B4-74EE-4F06-9E3A-C19B81CCEFCE}.Release|x64.ActiveCfg = Release|Any CPU
		{BEE951B4-74EE-4F06-9E3A-C19B81CCEFCE}.Release|x64.Build.0 = Release|Any CPU
		{BEE951B4-74EE-4F06-9E3A-C19B81CCEFCE}.Release|x86.ActiveCfg = Release|Any CPU
		{BEE951B4-74EE-4F06-9E3A-C19B81CCEFCE}.Release|x86.Build.0 = Release|Any CPU
		{42C29B24-1357-4919-ACD1-3A01DEE187A1}.Debug|Any CPU.ActiveCfg = Debug|Any CPU
		{42C29B24-1357-4919-ACD1-3A01DEE187A1}.Debug|Any CPU.Build.0 = Debug|Any CPU
		{42C29B24-1357-4919-ACD1-3A01DEE187A1}.Debug|x64.ActiveCfg = Debug|Any CPU
		{42C29B24-1357-4919-ACD1-3A01DEE187A1}.Debug|x64.Build.0 = Debug|Any CPU
		{42C29B24-1357-4919-ACD1-3A01DEE187A1}.Debug|x86.ActiveCfg = Debug|Any CPU
		{42C29B24-1357-4919-ACD1-3A01DEE187A1}.Debug|x86.Build.0 = Debug|Any CPU
		{42C29B24-1357-4919-ACD1-3A01DEE187A1}.Release|Any CPU.ActiveCfg = Release|Any CPU
		{42C29B24-1357-4919-ACD1-3A01DEE187A1}.Release|Any CPU.Build.0 = Release|Any CPU
		{42C29B24-1357-4919-ACD1-3A01DEE187A1}.Release|x64.ActiveCfg = Release|Any CPU
		{42C29B24-1357-4919-ACD1-3A01DEE187A1}.Release|x64.Build.0 = Release|Any CPU
		{42C29B24-1357-4919-ACD1-3A01DEE187A1}.Release|x86.ActiveCfg = Release|Any CPU
		{42C29B24-1357-4919-ACD1-3A01DEE187A1}.Release|x86.Build.0 = Release|Any CPU
	EndGlobalSection
	GlobalSection(SolutionProperties) = preSolution
		HideSolutionNode = FALSE
	EndGlobalSection
	GlobalSection(ExtensibilityGlobals) = postSolution
		SolutionGuid = {585B98AC-FAE1-4BF0-8129-820148681B55}
	EndGlobalSection
EndGlobal
